
Microsoft Visual Studio Solution File, Format Version 12.00
# Visual Studio Version 17
VisualStudioVersion = 17.5.33502.453
MinimumVisualStudioVersion = 10.0.40219.1
Project("{FAE04EC0-301F-11D3-BF4B-00C04F79EFBC}") = "Multithreading1", "Multithreading1\Multithreading1.csproj", "{4A4D7009-C6B6-4EAD-90EC-E30396F48248}"
EndProject
Global
	GlobalSection(SolutionConfigurationPlatforms) = preSolution
		Debug|Any CPU = Debug|Any CPU
		Release|Any CPU = Release|Any CPU
	EndGlobalSection
	GlobalSection(ProjectConfigurationPlatforms) = postSolution
		{4A4D7009-C6B6-4EAD-90EC-E30396F48248}.Debug|Any CPU.ActiveCfg = Debug|Any CPU
		{4A4D7009-C6B6-4EAD-90EC-E30396F48248}.Debug|Any CPU.Build.0 = Debug|Any CPU
		{4A4D7009-C6B6-4EAD-90EC-E30396F48248}.Release|Any CPU.ActiveCfg = Release|Any CPU
		{4A4D7009-C6B6-4EAD-90EC-E30396F48248}.Release|Any CPU.Build.0 = Release|Any CPU
	EndGlobalSection
	GlobalSection(SolutionProperties) = preSolution
		HideSolutionNode = FALSE
	EndGlobalSection
	GlobalSection(ExtensibilityGlobals) = postSolution
		SolutionGuid = {5AC180CF-AF30-4B2B-8383-6488EA0EB1C5}
	EndGlobalSection
EndGlobal
